// !$*UTF8*$!
{
	archiveVersion = 1;
	classes = {
	};
	objectVersion = 50;
	objects = {

/* Begin PBXBuildFile section */
		6D1B321323DD499500684CF5 /* AppDelegate.swift in Sources */ = {isa = PBXBuildFile; fileRef = 6D1B321223DD499500684CF5 /* AppDelegate.swift */; };
		6D1B321523DD499600684CF5 /* SceneDelegate.swift in Sources */ = {isa = PBXBuildFile; fileRef = 6D1B321423DD499600684CF5 /* SceneDelegate.swift */; };
		6D1B321723DD499600684CF5 /* FirstViewController.swift in Sources */ = {isa = PBXBuildFile; fileRef = 6D1B321623DD499600684CF5 /* FirstViewController.swift */; };
		6D1B321923DD499600684CF5 /* SecondViewController.swift in Sources */ = {isa = PBXBuildFile; fileRef = 6D1B321823DD499600684CF5 /* SecondViewController.swift */; };
		6D1B321C23DD499600684CF5 /* Main.storyboard in Resources */ = {isa = PBXBuildFile; fileRef = 6D1B321A23DD499600684CF5 /* Main.storyboard */; };
		6D1B321E23DD499600684CF5 /* Assets.xcassets in Resources */ = {isa = PBXBuildFile; fileRef = 6D1B321D23DD499600684CF5 /* Assets.xcassets */; };
		6D1B322123DD499600684CF5 /* LaunchScreen.storyboard in Resources */ = {isa = PBXBuildFile; fileRef = 6D1B321F23DD499600684CF5 /* LaunchScreen.storyboard */; };
		6D1B322C23DD499600684CF5 /* FireFighter1Tests.swift in Sources */ = {isa = PBXBuildFile; fileRef = 6D1B322B23DD499600684CF5 /* FireFighter1Tests.swift */; };
		6D1B323723DD499600684CF5 /* FireFighter1UITests.swift in Sources */ = {isa = PBXBuildFile; fileRef = 6D1B323623DD499600684CF5 /* FireFighter1UITests.swift */; };
/* End PBXBuildFile section */

/* Begin PBXContainerItemProxy section */
		6D1B322823DD499600684CF5 /* PBXContainerItemProxy */ = {
			isa = PBXContainerItemProxy;
			containerPortal = 6D1B320723DD499500684CF5 /* Project object */;
			proxyType = 1;
			remoteGlobalIDString = 6D1B320E23DD499500684CF5;
			remoteInfo = FireFighter1;
		};
		6D1B323323DD499600684CF5 /* PBXContainerItemProxy */ = {
			isa = PBXContainerItemProxy;
			containerPortal = 6D1B320723DD499500684CF5 /* Project object */;
			proxyType = 1;
			remoteGlobalIDString = 6D1B320E23DD499500684CF5;
			remoteInfo = FireFighter1;
		};
/* End PBXContainerItemProxy section */

/* Begin PBXFileReference section */
		6D1B320F23DD499500684CF5 /* FireFighter1.app */ = {isa = PBXFileReference; explicitFileType = wrapper.application; includeInIndex = 0; path = FireFighter1.app; sourceTree = BUILT_PRODUCTS_DIR; };
		6D1B321223DD499500684CF5 /* AppDelegate.swift */ = {isa = PBXFileReference; lastKnownFileType = sourcecode.swift; path = AppDelegate.swift; sourceTree = "<group>"; };
		6D1B321423DD499600684CF5 /* SceneDelegate.swift */ = {isa = PBXFileReference; lastKnownFileType = sourcecode.swift; path = SceneDelegate.swift; sourceTree = "<group>"; };
		6D1B321623DD499600684CF5 /* FirstViewController.swift */ = {isa = PBXFileReference; lastKnownFileType = sourcecode.swift; path = FirstViewController.swift; sourceTree = "<group>"; };
		6D1B321823DD499600684CF5 /* SecondViewController.swift */ = {isa = PBXFileReference; lastKnownFileType = sourcecode.swift; path = SecondViewController.swift; sourceTree = "<group>"; };
		6D1B321B23DD499600684CF5 /* Base */ = {isa = PBXFileReference; lastKnownFileType = file.storyboard; name = Base; path = Base.lproj/Main.storyboard; sourceTree = "<group>"; };
		6D1B321D23DD499600684CF5 /* Assets.xcassets */ = {isa = PBXFileReference; lastKnownFileType = folder.assetcatalog; path = Assets.xcassets; sourceTree = "<group>"; };
		6D1B322023DD499600684CF5 /* Base */ = {isa = PBXFileReference; lastKnownFileType = file.storyboard; name = Base; path = Base.lproj/LaunchScreen.storyboard; sourceTree = "<group>"; };
		6D1B322223DD499600684CF5 /* Info.plist */ = {isa = PBXFileReference; lastKnownFileType = text.plist.xml; path = Info.plist; sourceTree = "<group>"; };
		6D1B322723DD499600684CF5 /* FireFighter1Tests.xctest */ = {isa = PBXFileReference; explicitFileType = wrapper.cfbundle; includeInIndex = 0; path = FireFighter1Tests.xctest; sourceTree = BUILT_PRODUCTS_DIR; };
		6D1B322B23DD499600684CF5 /* FireFighter1Tests.swift */ = {isa = PBXFileReference; lastKnownFileType = sourcecode.swift; path = FireFighter1Tests.swift; sourceTree = "<group>"; };
		6D1B322D23DD499600684CF5 /* Info.plist */ = {isa = PBXFileReference; lastKnownFileType = text.plist.xml; path = Info.plist; sourceTree = "<group>"; };
		6D1B323223DD499600684CF5 /* FireFighter1UITests.xctest */ = {isa = PBXFileReference; explicitFileType = wrapper.cfbundle; includeInIndex = 0; path = FireFighter1UITests.xctest; sourceTree = BUILT_PRODUCTS_DIR; };
		6D1B323623DD499600684CF5 /* FireFighter1UITests.swift */ = {isa = PBXFileReference; lastKnownFileType = sourcecode.swift; path = FireFighter1UITests.swift; sourceTree = "<group>"; };
		6D1B323823DD499600684CF5 /* Info.plist */ = {isa = PBXFileReference; lastKnownFileType = text.plist.xml; path = Info.plist; sourceTree = "<group>"; };
/* End PBXFileReference section */

/* Begin PBXFrameworksBuildPhase section */
		6D1B320C23DD499500684CF5 /* Frameworks */ = {
			isa = PBXFrameworksBuildPhase;
			buildActionMask = 2147483647;
			files = (
			);
			runOnlyForDeploymentPostprocessing = 0;
		};
		6D1B322423DD499600684CF5 /* Frameworks */ = {
			isa = PBXFrameworksBuildPhase;
			buildActionMask = 2147483647;
			files = (
			);
			runOnlyForDeploymentPostprocessing = 0;
		};
		6D1B322F23DD499600684CF5 /* Frameworks */ = {
			isa = PBXFrameworksBuildPhase;
			buildActionMask = 2147483647;
			files = (
			);
			runOnlyForDeploymentPostprocessing = 0;
		};
/* End PBXFrameworksBuildPhase section */

/* Begin PBXGroup section */
		6D1B320623DD499500684CF5 = {
			isa = PBXGroup;
			children = (
				6D1B321123DD499500684CF5 /* FireFighter1 */,
				6D1B322A23DD499600684CF5 /* FireFighter1Tests */,
				6D1B323523DD499600684CF5 /* FireFighter1UITests */,
				6D1B321023DD499500684CF5 /* Products */,
			);
			sourceTree = "<group>";
		};
		6D1B321023DD499500684CF5 /* Products */ = {
			isa = PBXGroup;
			children = (
				6D1B320F23DD499500684CF5 /* FireFighter1.app */,
				6D1B322723DD499600684CF5 /* FireFighter1Tests.xctest */,
				6D1B323223DD499600684CF5 /* FireFighter1UITests.xctest */,
			);
			name = Products;
			sourceTree = "<group>";
		};
		6D1B321123DD499500684CF5 /* FireFighter1 */ = {
			isa = PBXGroup;
			children = (
				6D1B321223DD499500684CF5 /* AppDelegate.swift */,
				6D1B321423DD499600684CF5 /* SceneDelegate.swift */,
				6D1B321623DD499600684CF5 /* FirstViewController.swift */,
				6D1B321823DD499600684CF5 /* SecondViewController.swift */,
				6D1B321A23DD499600684CF5 /* Main.storyboard */,
				6D1B321D23DD499600684CF5 /* Assets.xcassets */,
				6D1B321F23DD499600684CF5 /* LaunchScreen.storyboard */,
				6D1B322223DD499600684CF5 /* Info.plist */,
			);
			path = FireFighter1;
			sourceTree = "<group>";
		};
		6D1B322A23DD499600684CF5 /* FireFighter1Tests */ = {
			isa = PBXGroup;
			children = (
				6D1B322B23DD499600684CF5 /* FireFighter1Tests.swift */,
				6D1B322D23DD499600684CF5 /* Info.plist */,
			);
			path = FireFighter1Tests;
			sourceTree = "<group>";
		};
		6D1B323523DD499600684CF5 /* FireFighter1UITests */ = {
			isa = PBXGroup;
			children = (
				6D1B323623DD499600684CF5 /* FireFighter1UITests.swift */,
				6D1B323823DD499600684CF5 /* Info.plist */,
			);
			path = FireFighter1UITests;
			sourceTree = "<group>";
		};
/* End PBXGroup section */

/* Begin PBXNativeTarget section */
		6D1B320E23DD499500684CF5 /* FireFighter1 */ = {
			isa = PBXNativeTarget;
			buildConfigurationList = 6D1B323B23DD499600684CF5 /* Build configuration list for PBXNativeTarget "FireFighter1" */;
			buildPhases = (
				6D1B320B23DD499500684CF5 /* Sources */,
				6D1B320C23DD499500684CF5 /* Frameworks */,
				6D1B320D23DD499500684CF5 /* Resources */,
			);
			buildRules = (
			);
			dependencies = (
			);
			name = FireFighter1;
			productName = FireFighter1;
			productReference = 6D1B320F23DD499500684CF5 /* FireFighter1.app */;
			productType = "com.apple.product-type.application";
		};
		6D1B322623DD499600684CF5 /* FireFighter1Tests */ = {
			isa = PBXNativeTarget;
			buildConfigurationList = 6D1B323E23DD499600684CF5 /* Build configuration list for PBXNativeTarget "FireFighter1Tests" */;
			buildPhases = (
				6D1B322323DD499600684CF5 /* Sources */,
				6D1B322423DD499600684CF5 /* Frameworks */,
				6D1B322523DD499600684CF5 /* Resources */,
			);
			buildRules = (
			);
			dependencies = (
				6D1B322923DD499600684CF5 /* PBXTargetDependency */,
			);
			name = FireFighter1Tests;
			productName = FireFighter1Tests;
			productReference = 6D1B322723DD499600684CF5 /* FireFighter1Tests.xctest */;
			productType = "com.apple.product-type.bundle.unit-test";
		};
		6D1B323123DD499600684CF5 /* FireFighter1UITests */ = {
			isa = PBXNativeTarget;
			buildConfigurationList = 6D1B324123DD499600684CF5 /* Build configuration list for PBXNativeTarget "FireFighter1UITests" */;
			buildPhases = (
				6D1B322E23DD499600684CF5 /* Sources */,
				6D1B322F23DD499600684CF5 /* Frameworks */,
				6D1B323023DD499600684CF5 /* Resources */,
			);
			buildRules = (
			);
			dependencies = (
				6D1B323423DD499600684CF5 /* PBXTargetDependency */,
			);
			name = FireFighter1UITests;
			productName = FireFighter1UITests;
			productReference = 6D1B323223DD499600684CF5 /* FireFighter1UITests.xctest */;
			productType = "com.apple.product-type.bundle.ui-testing";
		};
/* End PBXNativeTarget section */

/* Begin PBXProject section */
		6D1B320723DD499500684CF5 /* Project object */ = {
			isa = PBXProject;
			attributes = {
				LastSwiftUpdateCheck = 1130;
				LastUpgradeCheck = 1130;
				ORGANIZATIONNAME = "Aneil Marathi";
				TargetAttributes = {
					6D1B320E23DD499500684CF5 = {
						CreatedOnToolsVersion = 11.3.1;
					};
					6D1B322623DD499600684CF5 = {
						CreatedOnToolsVersion = 11.3.1;
						TestTargetID = 6D1B320E23DD499500684CF5;
					};
					6D1B323123DD499600684CF5 = {
						CreatedOnToolsVersion = 11.3.1;
						TestTargetID = 6D1B320E23DD499500684CF5;
					};
				};
			};
			buildConfigurationList = 6D1B320A23DD499500684CF5 /* Build configuration list for PBXProject "FireFighter1" */;
			compatibilityVersion = "Xcode 9.3";
			developmentRegion = en;
			hasScannedForEncodings = 0;
			knownRegions = (
				en,
				Base,
			);
			mainGroup = 6D1B320623DD499500684CF5;
			productRefGroup = 6D1B321023DD499500684CF5 /* Products */;
			projectDirPath = "";
			projectRoot = "";
			targets = (
				6D1B320E23DD499500684CF5 /* FireFighter1 */,
				6D1B322623DD499600684CF5 /* FireFighter1Tests */,
				6D1B323123DD499600684CF5 /* FireFighter1UITests */,
			);
		};
/* End PBXProject section */

/* Begin PBXResourcesBuildPhase section */
		6D1B320D23DD499500684CF5 /* Resources */ = {
			isa = PBXResourcesBuildPhase;
			buildActionMask = 2147483647;
			files = (
				6D1B322123DD499600684CF5 /* LaunchScreen.storyboard in Resources */,
				6D1B321E23DD499600684CF5 /* Assets.xcassets in Resources */,
				6D1B321C23DD499600684CF5 /* Main.storyboard in Resources */,
			);
			runOnlyForDeploymentPostprocessing = 0;
		};
		6D1B322523DD499600684CF5 /* Resources */ = {
			isa = PBXResourcesBuildPhase;
			buildActionMask = 2147483647;
			files = (
			);
			runOnlyForDeploymentPostprocessing = 0;
		};
		6D1B323023DD499600684CF5 /* Resources */ = {
			isa = PBXResourcesBuildPhase;
			buildActionMask = 2147483647;
			files = (
			);
			runOnlyForDeploymentPostprocessing = 0;
		};
/* End PBXResourcesBuildPhase section */

/* Begin PBXSourcesBuildPhase section */
		6D1B320B23DD499500684CF5 /* Sources */ = {
			isa = PBXSourcesBuildPhase;
			buildActionMask = 2147483647;
			files = (
				6D1B321923DD499600684CF5 /* SecondViewController.swift in Sources */,
				6D1B321723DD499600684CF5 /* FirstViewController.swift in Sources */,
				6D1B321323DD499500684CF5 /* AppDelegate.swift in Sources */,
				6D1B321523DD499600684CF5 /* SceneDelegate.swift in Sources */,
			);
			runOnlyForDeploymentPostprocessing = 0;
		};
		6D1B322323DD499600684CF5 /* Sources */ = {
			isa = PBXSourcesBuildPhase;
			buildActionMask = 2147483647;
			files = (
				6D1B322C23DD499600684CF5 /* FireFighter1Tests.swift in Sources */,
			);
			runOnlyForDeploymentPostprocessing = 0;
		};
		6D1B322E23DD499600684CF5 /* Sources */ = {
			isa = PBXSourcesBuildPhase;
			buildActionMask = 2147483647;
			files = (
				6D1B323723DD499600684CF5 /* FireFighter1UITests.swift in Sources */,
			);
			runOnlyForDeploymentPostprocessing = 0;
		};
/* End PBXSourcesBuildPhase section */

/* Begin PBXTargetDependency section */
		6D1B322923DD499600684CF5 /* PBXTargetDependency */ = {
			isa = PBXTargetDependency;
			target = 6D1B320E23DD499500684CF5 /* FireFighter1 */;
			targetProxy = 6D1B322823DD499600684CF5 /* PBXContainerItemProxy */;
		};
		6D1B323423DD499600684CF5 /* PBXTargetDependency */ = {
			isa = PBXTargetDependency;
			target = 6D1B320E23DD499500684CF5 /* FireFighter1 */;
			targetProxy = 6D1B323323DD499600684CF5 /* PBXContainerItemProxy */;
		};
/* End PBXTargetDependency section */

/* Begin PBXVariantGroup section */
		6D1B321A23DD499600684CF5 /* Main.storyboard */ = {
			isa = PBXVariantGroup;
			children = (
				6D1B321B23DD499600684CF5 /* Base */,
			);
			name = Main.storyboard;
			sourceTree = "<group>";
		};
		6D1B321F23DD499600684CF5 /* LaunchScreen.storyboard */ = {
			isa = PBXVariantGroup;
			children = (
				6D1B322023DD499600684CF5 /* Base */,
			);
			name = LaunchScreen.storyboard;
			sourceTree = "<group>";
		};
/* End PBXVariantGroup section */

/* Begin XCBuildConfiguration section */
		6D1B323923DD499600684CF5 /* Debug */ = {
			isa = XCBuildConfiguration;
			buildSettings = {
				ALWAYS_SEARCH_USER_PATHS = NO;
				CLANG_ANALYZER_NONNULL = YES;
				CLANG_ANALYZER_NUMBER_OBJECT_CONVERSION = YES_AGGRESSIVE;
				CLANG_CXX_LANGUAGE_STANDARD = "gnu++14";
				CLANG_CXX_LIBRARY = "libc++";
				CLANG_ENABLE_MODULES = YES;
				CLANG_ENABLE_OBJC_ARC = YES;
				CLANG_ENABLE_OBJC_WEAK = YES;
				CLANG_WARN_BLOCK_CAPTURE_AUTORELEASING = YES;
				CLANG_WARN_BOOL_CONVERSION = YES;
				CLANG_WARN_COMMA = YES;
				CLANG_WARN_CONSTANT_CONVERSION = YES;
				CLANG_WARN_DEPRECATED_OBJC_IMPLEMENTATIONS = YES;
				CLANG_WARN_DIRECT_OBJC_ISA_USAGE = YES_ERROR;
				CLANG_WARN_DOCUMENTATION_COMMENTS = YES;
				CLANG_WARN_EMPTY_BODY = YES;
				CLANG_WARN_ENUM_CONVERSION = YES;
				CLANG_WARN_INFINITE_RECURSION = YES;
				CLANG_WARN_INT_CONVERSION = YES;
				CLANG_WARN_NON_LITERAL_NULL_CONVERSION = YES;
				CLANG_WARN_OBJC_IMPLICIT_RETAIN_SELF = YES;
				CLANG_WARN_OBJC_LITERAL_CONVERSION = YES;
				CLANG_WARN_OBJC_ROOT_CLASS = YES_ERROR;
				CLANG_WARN_RANGE_LOOP_ANALYSIS = YES;
				CLANG_WARN_STRICT_PROTOTYPES = YES;
				CLANG_WARN_SUSPICIOUS_MOVE = YES;
				CLANG_WARN_UNGUARDED_AVAILABILITY = YES_AGGRESSIVE;
				CLANG_WARN_UNREACHABLE_CODE = YES;
				CLANG_WARN__DUPLICATE_METHOD_MATCH = YES;
				COPY_PHASE_STRIP = NO;
				DEBUG_INFORMATION_FORMAT = dwarf;
				ENABLE_STRICT_OBJC_MSGSEND = YES;
				ENABLE_TESTABILITY = YES;
				GCC_C_LANGUAGE_STANDARD = gnu11;
				GCC_DYNAMIC_NO_PIC = NO;
				GCC_NO_COMMON_BLOCKS = YES;
				GCC_OPTIMIZATION_LEVEL = 0;
				GCC_PREPROCESSOR_DEFINITIONS = (
					"DEBUG=1",
					"$(inherited)",
				);
				GCC_WARN_64_TO_32_BIT_CONVERSION = YES;
				GCC_WARN_ABOUT_RETURN_TYPE = YES_ERROR;
				GCC_WARN_UNDECLARED_SELECTOR = YES;
				GCC_WARN_UNINITIALIZED_AUTOS = YES_AGGRESSIVE;
				GCC_WARN_UNUSED_FUNCTION = YES;
				GCC_WARN_UNUSED_VARIABLE = YES;
				IPHONEOS_DEPLOYMENT_TARGET = 13.2;
				MTL_ENABLE_DEBUG_INFO = INCLUDE_SOURCE;
				MTL_FAST_MATH = YES;
				ONLY_ACTIVE_ARCH = YES;
				SDKROOT = iphoneos;
				SWIFT_ACTIVE_COMPILATION_CONDITIONS = DEBUG;
				SWIFT_OPTIMIZATION_LEVEL = "-Onone";
			};
			name = Debug;
		};
		6D1B323A23DD499600684CF5 /* Release */ = {
			isa = XCBuildConfiguration;
			buildSettings = {
				ALWAYS_SEARCH_USER_PATHS = NO;
				CLANG_ANALYZER_NONNULL = YES;
				CLANG_ANALYZER_NUMBER_OBJECT_CONVERSION = YES_AGGRESSIVE;
				CLANG_CXX_LANGUAGE_STANDARD = "gnu++14";
				CLANG_CXX_LIBRARY = "libc++";
				CLANG_ENABLE_MODULES = YES;
				CLANG_ENABLE_OBJC_ARC = YES;
				CLANG_ENABLE_OBJC_WEAK = YES;
				CLANG_WARN_BLOCK_CAPTURE_AUTORELEASING = YES;
				CLANG_WARN_BOOL_CONVERSION = YES;
				CLANG_WARN_COMMA = YES;
				CLANG_WARN_CONSTANT_CONVERSION = YES;
				CLANG_WARN_DEPRECATED_OBJC_IMPLEMENTATIONS = YES;
				CLANG_WARN_DIRECT_OBJC_ISA_USAGE = YES_ERROR;
				CLANG_WARN_DOCUMENTATION_COMMENTS = YES;
				CLANG_WARN_EMPTY_BODY = YES;
				CLANG_WARN_ENUM_CONVERSION = YES;
				CLANG_WARN_INFINITE_RECURSION = YES;
				CLANG_WARN_INT_CONVERSION = YES;
				CLANG_WARN_NON_LITERAL_NULL_CONVERSION = YES;
				CLANG_WARN_OBJC_IMPLICIT_RETAIN_SELF = YES;
				CLANG_WARN_OBJC_LITERAL_CONVERSION = YES;
				CLANG_WARN_OBJC_ROOT_CLASS = YES_ERROR;
				CLANG_WARN_RANGE_LOOP_ANALYSIS = YES;
				CLANG_WARN_STRICT_PROTOTYPES = YES;
				CLANG_WARN_SUSPICIOUS_MOVE = YES;
				CLANG_WARN_UNGUARDED_AVAILABILITY = YES_AGGRESSIVE;
				CLANG_WARN_UNREACHABLE_CODE = YES;
				CLANG_WARN__DUPLICATE_METHOD_MATCH = YES;
				COPY_PHASE_STRIP = NO;
				DEBUG_INFORMATION_FORMAT = "dwarf-with-dsym";
				ENABLE_NS_ASSERTIONS = NO;
				ENABLE_STRICT_OBJC_MSGSEND = YES;
				GCC_C_LANGUAGE_STANDARD = gnu11;
				GCC_NO_COMMON_BLOCKS = YES;
				GCC_WARN_64_TO_32_BIT_CONVERSION = YES;
				GCC_WARN_ABOUT_RETURN_TYPE = YES_ERROR;
				GCC_WARN_UNDECLARED_SELECTOR = YES;
				GCC_WARN_UNINITIALIZED_AUTOS = YES_AGGRESSIVE;
				GCC_WARN_UNUSED_FUNCTION = YES;
				GCC_WARN_UNUSED_VARIABLE = YES;
				IPHONEOS_DEPLOYMENT_TARGET = 13.2;
				MTL_ENABLE_DEBUG_INFO = NO;
				MTL_FAST_MATH = YES;
				SDKROOT = iphoneos;
				SWIFT_COMPILATION_MODE = wholemodule;
				SWIFT_OPTIMIZATION_LEVEL = "-O";
				VALIDATE_PRODUCT = YES;
			};
			name = Release;
		};
		6D1B323C23DD499600684CF5 /* Debug */ = {
			isa = XCBuildConfiguration;
			buildSettings = {
				ASSETCATALOG_COMPILER_APPICON_NAME = AppIcon;
				CODE_SIGN_STYLE = Automatic;
				INFOPLIST_FILE = FireFighter1/Info.plist;
				LD_RUNPATH_SEARCH_PATHS = (
					"$(inherited)",
					"@executable_path/Frameworks",
				);
				PRODUCT_BUNDLE_IDENTIFIER = aneil.FireFighter1;
				PRODUCT_NAME = "$(TARGET_NAME)";
				SWIFT_VERSION = 5.0;
				TARGETED_DEVICE_FAMILY = "1,2";
			};
			name = Debug;
		};
		6D1B323D23DD499600684CF5 /* Release */ = {
			isa = XCBuildConfiguration;
			buildSettings = {
				ASSETCATALOG_COMPILER_APPICON_NAME = AppIcon;
				CODE_SIGN_STYLE = Automatic;
				INFOPLIST_FILE = FireFighter1/Info.plist;
				LD_RUNPATH_SEARCH_PATHS = (
					"$(inherited)",
					"@executable_path/Frameworks",
				);
				PRODUCT_BUNDLE_IDENTIFIER = aneil.FireFighter1;
				PRODUCT_NAME = "$(TARGET_NAME)";
				SWIFT_VERSION = 5.0;
				TARGETED_DEVICE_FAMILY = "1,2";
			};
			name = Release;
		};
		6D1B323F23DD499600684CF5 /* Debug */ = {
			isa = XCBuildConfiguration;
			buildSettings = {
				ALWAYS_EMBED_SWIFT_STANDARD_LIBRARIES = YES;
				BUNDLE_LOADER = "$(TEST_HOST)";
				CODE_SIGN_STYLE = Automatic;
				INFOPLIST_FILE = FireFighter1Tests/Info.plist;
				IPHONEOS_DEPLOYMENT_TARGET = 13.2;
				LD_RUNPATH_SEARCH_PATHS = (
					"$(inherited)",
					"@executable_path/Frameworks",
					"@loader_path/Frameworks",
				);
				PRODUCT_BUNDLE_IDENTIFIER = aneil.FireFighter1Tests;
				PRODUCT_NAME = "$(TARGET_NAME)";
				SWIFT_VERSION = 5.0;
				TARGETED_DEVICE_FAMILY = "1,2";
				TEST_HOST = "$(BUILT_PRODUCTS_DIR)/FireFighter1.app/FireFighter1";
			};
			name = Debug;
		};
		6D1B324023DD499600684CF5 /* Release */ = {
			isa = XCBuildConfiguration;
			buildSettings = {
				ALWAYS_EMBED_SWIFT_STANDARD_LIBRARIES = YES;
				BUNDLE_LOADER = "$(TEST_HOST)";
				CODE_SIGN_STYLE = Automatic;
				INFOPLIST_FILE = FireFighter1Tests/Info.plist;
				IPHONEOS_DEPLOYMENT_TARGET = 13.2;
				LD_RUNPATH_SEARCH_PATHS = (
					"$(inherited)",
					"@executable_path/Frameworks",
					"@loader_path/Frameworks",
				);
				PRODUCT_BUNDLE_IDENTIFIER = aneil.FireFighter1Tests;
				PRODUCT_NAME = "$(TARGET_NAME)";
				SWIFT_VERSION = 5.0;
				TARGETED_DEVICE_FAMILY = "1,2";
				TEST_HOST = "$(BUILT_PRODUCTS_DIR)/FireFighter1.app/FireFighter1";
			};
			name = Release;
		};
		6D1B324223DD499600684CF5 /* Debug */ = {
			isa = XCBuildConfiguration;
			buildSettings = {
				ALWAYS_EMBED_SWIFT_STANDARD_LIBRARIES = YES;
				CODE_SIGN_STYLE = Automatic;
				INFOPLIST_FILE = FireFighter1UITests/Info.plist;
				LD_RUNPATH_SEARCH_PATHS = (
					"$(inherited)",
					"@executable_path/Frameworks",
					"@loader_path/Frameworks",
				);
				PRODUCT_BUNDLE_IDENTIFIER = aneil.FireFighter1UITests;
				PRODUCT_NAME = "$(TARGET_NAME)";
				SWIFT_VERSION = 5.0;
				TARGETED_DEVICE_FAMILY = "1,2";
				TEST_TARGET_NAME = FireFighter1;
			};
			name = Debug;
		};
		6D1B324323DD499600684CF5 /* Release */ = {
			isa = XCBuildConfiguration;
			buildSettings = {
				ALWAYS_EMBED_SWIFT_STANDARD_LIBRARIES = YES;
				CODE_SIGN_STYLE = Automatic;
				INFOPLIST_FILE = FireFighter1UITests/Info.plist;
				LD_RUNPATH_SEARCH_PATHS = (
					"$(inherited)",
					"@executable_path/Frameworks",
					"@loader_path/Frameworks",
				);
				PRODUCT_BUNDLE_IDENTIFIER = aneil.FireFighter1UITests;
				PRODUCT_NAME = "$(TARGET_NAME)";
				SWIFT_VERSION = 5.0;
				TARGETED_DEVICE_FAMILY = "1,2";
				TEST_TARGET_NAME = FireFighter1;
			};
			name = Release;
		};
/* End XCBuildConfiguration section */

/* Begin XCConfigurationList section */
		6D1B320A23DD499500684CF5 /* Build configuration list for PBXProject "FireFighter1" */ = {
			isa = XCConfigurationList;
			buildConfigurations = (
				6D1B323923DD499600684CF5 /* Debug */,
				6D1B323A23DD499600684CF5 /* Release */,
			);
			defaultConfigurationIsVisible = 0;
			defaultConfigurationName = Release;
		};
		6D1B323B23DD499600684CF5 /* Build configuration list for PBXNativeTarget "FireFighter1" */ = {
			isa = XCConfigurationList;
			buildConfigurations = (
				6D1B323C23DD499600684CF5 /* Debug */,
				6D1B323D23DD499600684CF5 /* Release */,
			);
			defaultConfigurationIsVisible = 0;
			defaultConfigurationName = Release;
		};
		6D1B323E23DD499600684CF5 /* Build configuration list for PBXNativeTarget "FireFighter1Tests" */ = {
			isa = XCConfigurationList;
			buildConfigurations = (
				6D1B323F23DD499600684CF5 /* Debug */,
				6D1B324023DD499600684CF5 /* Release */,
			);
			defaultConfigurationIsVisible = 0;
			defaultConfigurationName = Release;
		};
		6D1B324123DD499600684CF5 /* Build configuration list for PBXNativeTarget "FireFighter1UITests" */ = {
			isa = XCConfigurationList;
			buildConfigurations = (
				6D1B324223DD499600684CF5 /* Debug */,
				6D1B324323DD499600684CF5 /* Release */,
			);
			defaultConfigurationIsVisible = 0;
			defaultConfigurationName = Release;
		};
/* End XCConfigurationList section */
	};
	rootObject = 6D1B320723DD499500684CF5 /* Project object */;
}
